
Microsoft Visual Studio Solution File, Format Version 11.00
# Visual Studio 2010
Project("{FAE04EC0-301F-11D3-BF4B-00C04F79EFBC}") = "Table", "Software_design_KFC\Table.csproj", "{4BDA3E95-AF5A-4776-845C-FBD809CE2420}"
EndProject
Project("{FAE04EC0-301F-11D3-BF4B-00C04F79EFBC}") = "Cashier", "Cashier\Cashier.csproj", "{E124E73D-241F-4185-94BD-E1FB8C63074B}"
EndProject
Project("{FAE04EC0-301F-11D3-BF4B-00C04F79EFBC}") = "Kitchen", "Kitchen\Kitchen.csproj", "{FD461315-B753-4F03-986A-510BD166137E}"
EndProject
Global
	GlobalSection(SolutionConfigurationPlatforms) = preSolution
		Debug|x86 = Debug|x86
		Release|x86 = Release|x86
	EndGlobalSection
	GlobalSection(ProjectConfigurationPlatforms) = postSolution
		{4BDA3E95-AF5A-4776-845C-FBD809CE2420}.Debug|x86.ActiveCfg = Debug|x86
		{4BDA3E95-AF5A-4776-845C-FBD809CE2420}.Debug|x86.Build.0 = Debug|x86
		{4BDA3E95-AF5A-4776-845C-FBD809CE2420}.Release|x86.ActiveCfg = Release|x86
		{4BDA3E95-AF5A-4776-845C-FBD809CE2420}.Release|x86.Build.0 = Release|x86
		{E124E73D-241F-4185-94BD-E1FB8C63074B}.Debug|x86.ActiveCfg = Debug|x86
		{E124E73D-241F-4185-94BD-E1FB8C63074B}.Debug|x86.Build.0 = Debug|x86
		{E124E73D-241F-4185-94BD-E1FB8C63074B}.Release|x86.ActiveCfg = Release|x86
		{E124E73D-241F-4185-94BD-E1FB8C63074B}.Release|x86.Build.0 = Release|x86
		{FD461315-B753-4F03-986A-510BD166137E}.Debug|x86.ActiveCfg = Debug|x86
		{FD461315-B753-4F03-986A-510BD166137E}.Debug|x86.Build.0 = Debug|x86
		{FD461315-B753-4F03-986A-510BD166137E}.Release|x86.ActiveCfg = Release|x86
		{FD461315-B753-4F03-986A-510BD166137E}.Release|x86.Build.0 = Release|x86
	EndGlobalSection
	GlobalSection(SolutionProperties) = preSolution
		HideSolutionNode = FALSE
	EndGlobalSection
EndGlobal
