
Microsoft Visual Studio Solution File, Format Version 11.00
# Visual Studio 2010
Project("{2150E333-8FDC-42A3-9474-1A3956D46DE8}") = "Table", "Table", "{931B5664-46BD-4555-8C6A-BCB02C735072}"
EndProject
Project("{2150E333-8FDC-42A3-9474-1A3956D46DE8}") = "Kitchen", "Kitchen", "{D444D884-A72F-4966-B371-39A6640D6D41}"
EndProject
Project("{2150E333-8FDC-42A3-9474-1A3956D46DE8}") = "Cashier", "Cashier", "{C1349669-0190-4F54-B2CD-D642A0A486CC}"
EndProject
Project("{FAE04EC0-301F-11D3-BF4B-00C04F79EFBC}") = "CashierController", "Cashier\CashierController\CashierController.csproj", "{931A6231-F34D-4498-842D-A11C96823BE6}"
EndProject
Project("{FAE04EC0-301F-11D3-BF4B-00C04F79EFBC}") = "CashierGUI", "Cashier\CashierGUI\CashierGUI.csproj", "{77CA68EC-FFAF-42D2-B5CF-D1A85D9B0AFB}"
EndProject
Project("{FAE04EC0-301F-11D3-BF4B-00C04F79EFBC}") = "KitchenController", "Kitchen\KitchenController\KitchenController.csproj", "{C89B86D3-7472-40D8-A718-FABFB44CA8BB}"
EndProject
Project("{FAE04EC0-301F-11D3-BF4B-00C04F79EFBC}") = "TableController", "Table\TableController\TableController.csproj", "{2A24BFED-054A-49C4-A311-EDE0F8652937}"
EndProject
Project("{FAE04EC0-301F-11D3-BF4B-00C04F79EFBC}") = "TableDTO", "Table\TableDTO\TableDTO.csproj", "{84F8F228-FCE7-4C45-A948-C23E917758B5}"
EndProject
Project("{FAE04EC0-301F-11D3-BF4B-00C04F79EFBC}") = "CashierDTO", "Cashier\CashierDTO\CashierDTO.csproj", "{F6B3B173-E071-4A1C-BBBE-673D548AAAD6}"
EndProject
Project("{FAE04EC0-301F-11D3-BF4B-00C04F79EFBC}") = "KitchenDTO", "Kitchen\KitchenDTO\KitchenDTO.csproj", "{D8D9C5FA-EA86-4537-881E-BB7F20319BC6}"
EndProject
Project("{FAE04EC0-301F-11D3-BF4B-00C04F79EFBC}") = "KitchenGUI", "Kitchen\KitchenGUI\KitchenGUI\KitchenGUI.csproj", "{62F1045E-670C-4786-BD66-FE2F29FEE018}"
EndProject
Project("{FAE04EC0-301F-11D3-BF4B-00C04F79EFBC}") = "KFC_Table_GUI", "Table\KFC_Table_GUI\KFC_Table_GUI.csproj", "{93841302-060A-4D44-8E9B-334F71DA1C2C}"
	ProjectSection(ProjectDependencies) = postProject
		{84F8F228-FCE7-4C45-A948-C23E917758B5} = {84F8F228-FCE7-4C45-A948-C23E917758B5}
		{2A24BFED-054A-49C4-A311-EDE0F8652937} = {2A24BFED-054A-49C4-A311-EDE0F8652937}
	EndProjectSection
EndProject
Global
	GlobalSection(SolutionConfigurationPlatforms) = preSolution
		Debug|Any CPU = Debug|Any CPU
		Debug|Mixed Platforms = Debug|Mixed Platforms
		Debug|x86 = Debug|x86
		Release|Any CPU = Release|Any CPU
		Release|Mixed Platforms = Release|Mixed Platforms
		Release|x86 = Release|x86
	EndGlobalSection
	GlobalSection(ProjectConfigurationPlatforms) = postSolution
		{931A6231-F34D-4498-842D-A11C96823BE6}.Debug|Any CPU.ActiveCfg = Debug|Any CPU
		{931A6231-F34D-4498-842D-A11C96823BE6}.Debug|Any CPU.Build.0 = Debug|Any CPU
		{931A6231-F34D-4498-842D-A11C96823BE6}.Debug|Mixed Platforms.ActiveCfg = Debug|Any CPU
		{931A6231-F34D-4498-842D-A11C96823BE6}.Debug|Mixed Platforms.Build.0 = Debug|Any CPU
		{931A6231-F34D-4498-842D-A11C96823BE6}.Debug|x86.ActiveCfg = Debug|Any CPU
		{931A6231-F34D-4498-842D-A11C96823BE6}.Release|Any CPU.ActiveCfg = Release|Any CPU
		{931A6231-F34D-4498-842D-A11C96823BE6}.Release|Any CPU.Build.0 = Release|Any CPU
		{931A6231-F34D-4498-842D-A11C96823BE6}.Release|Mixed Platforms.ActiveCfg = Release|Any CPU
		{931A6231-F34D-4498-842D-A11C96823BE6}.Release|Mixed Platforms.Build.0 = Release|Any CPU
		{931A6231-F34D-4498-842D-A11C96823BE6}.Release|x86.ActiveCfg = Release|Any CPU
		{77CA68EC-FFAF-42D2-B5CF-D1A85D9B0AFB}.Debug|Any CPU.ActiveCfg = Debug|x86
		{77CA68EC-FFAF-42D2-B5CF-D1A85D9B0AFB}.Debug|Mixed Platforms.ActiveCfg = Debug|x86
		{77CA68EC-FFAF-42D2-B5CF-D1A85D9B0AFB}.Debug|Mixed Platforms.Build.0 = Debug|x86
		{77CA68EC-FFAF-42D2-B5CF-D1A85D9B0AFB}.Debug|x86.ActiveCfg = Debug|x86
		{77CA68EC-FFAF-42D2-B5CF-D1A85D9B0AFB}.Debug|x86.Build.0 = Debug|x86
		{77CA68EC-FFAF-42D2-B5CF-D1A85D9B0AFB}.Release|Any CPU.ActiveCfg = Release|x86
		{77CA68EC-FFAF-42D2-B5CF-D1A85D9B0AFB}.Release|Mixed Platforms.ActiveCfg = Release|x86
		{77CA68EC-FFAF-42D2-B5CF-D1A85D9B0AFB}.Release|Mixed Platforms.Build.0 = Release|x86
		{77CA68EC-FFAF-42D2-B5CF-D1A85D9B0AFB}.Release|x86.ActiveCfg = Release|x86
		{77CA68EC-FFAF-42D2-B5CF-D1A85D9B0AFB}.Release|x86.Build.0 = Release|x86
		{C89B86D3-7472-40D8-A718-FABFB44CA8BB}.Debug|Any CPU.ActiveCfg = Debug|Any CPU
		{C89B86D3-7472-40D8-A718-FABFB44CA8BB}.Debug|Any CPU.Build.0 = Debug|Any CPU
		{C89B86D3-7472-40D8-A718-FABFB44CA8BB}.Debug|Mixed Platforms.ActiveCfg = Debug|Any CPU
		{C89B86D3-7472-40D8-A718-FABFB44CA8BB}.Debug|Mixed Platforms.Build.0 = Debug|Any CPU
		{C89B86D3-7472-40D8-A718-FABFB44CA8BB}.Debug|x86.ActiveCfg = Debug|Any CPU
		{C89B86D3-7472-40D8-A718-FABFB44CA8BB}.Release|Any CPU.ActiveCfg = Release|Any CPU
		{C89B86D3-7472-40D8-A718-FABFB44CA8BB}.Release|Any CPU.Build.0 = Release|Any CPU
		{C89B86D3-7472-40D8-A718-FABFB44CA8BB}.Release|Mixed Platforms.ActiveCfg = Release|Any CPU
		{C89B86D3-7472-40D8-A718-FABFB44CA8BB}.Release|Mixed Platforms.Build.0 = Release|Any CPU
		{C89B86D3-7472-40D8-A718-FABFB44CA8BB}.Release|x86.ActiveCfg = Release|Any CPU
		{2A24BFED-054A-49C4-A311-EDE0F8652937}.Debug|Any CPU.ActiveCfg = Debug|Any CPU
		{2A24BFED-054A-49C4-A311-EDE0F8652937}.Debug|Any CPU.Build.0 = Debug|Any CPU
		{2A24BFED-054A-49C4-A311-EDE0F8652937}.Debug|Mixed Platforms.ActiveCfg = Debug|Any CPU
		{2A24BFED-054A-49C4-A311-EDE0F8652937}.Debug|Mixed Platforms.Build.0 = Debug|Any CPU
		{2A24BFED-054A-49C4-A311-EDE0F8652937}.Debug|x86.ActiveCfg = Debug|Any CPU
		{2A24BFED-054A-49C4-A311-EDE0F8652937}.Release|Any CPU.ActiveCfg = Release|Any CPU
		{2A24BFED-054A-49C4-A311-EDE0F8652937}.Release|Any CPU.Build.0 = Release|Any CPU
		{2A24BFED-054A-49C4-A311-EDE0F8652937}.Release|Mixed Platforms.ActiveCfg = Release|Any CPU
		{2A24BFED-054A-49C4-A311-EDE0F8652937}.Release|Mixed Platforms.Build.0 = Release|Any CPU
		{2A24BFED-054A-49C4-A311-EDE0F8652937}.Release|x86.ActiveCfg = Release|Any CPU
		{84F8F228-FCE7-4C45-A948-C23E917758B5}.Debug|Any CPU.ActiveCfg = Debug|Any CPU
		{84F8F228-FCE7-4C45-A948-C23E917758B5}.Debug|Any CPU.Build.0 = Debug|Any CPU
		{84F8F228-FCE7-4C45-A948-C23E917758B5}.Debug|Mixed Platforms.ActiveCfg = Debug|Any CPU
		{84F8F228-FCE7-4C45-A948-C23E917758B5}.Debug|Mixed Platforms.Build.0 = Debug|Any CPU
		{84F8F228-FCE7-4C45-A948-C23E917758B5}.Debug|x86.ActiveCfg = Debug|Any CPU
		{84F8F228-FCE7-4C45-A948-C23E917758B5}.Release|Any CPU.ActiveCfg = Release|Any CPU
		{84F8F228-FCE7-4C45-A948-C23E917758B5}.Release|Any CPU.Build.0 = Release|Any CPU
		{84F8F228-FCE7-4C45-A948-C23E917758B5}.Release|Mixed Platforms.ActiveCfg = Release|Any CPU
		{84F8F228-FCE7-4C45-A948-C23E917758B5}.Release|Mixed Platforms.Build.0 = Release|Any CPU
		{84F8F228-FCE7-4C45-A948-C23E917758B5}.Release|x86.ActiveCfg = Release|Any CPU
		{F6B3B173-E071-4A1C-BBBE-673D548AAAD6}.Debug|Any CPU.ActiveCfg = Debug|Any CPU
		{F6B3B173-E071-4A1C-BBBE-673D548AAAD6}.Debug|Any CPU.Build.0 = Debug|Any CPU
		{F6B3B173-E071-4A1C-BBBE-673D548AAAD6}.Debug|Mixed Platforms.ActiveCfg = Debug|Any CPU
		{F6B3B173-E071-4A1C-BBBE-673D548AAAD6}.Debug|Mixed Platforms.Build.0 = Debug|Any CPU
		{F6B3B173-E071-4A1C-BBBE-673D548AAAD6}.Debug|x86.ActiveCfg = Debug|Any CPU
		{F6B3B173-E071-4A1C-BBBE-673D548AAAD6}.Release|Any CPU.ActiveCfg = Release|Any CPU
		{F6B3B173-E071-4A1C-BBBE-673D548AAAD6}.Release|Any CPU.Build.0 = Release|Any CPU
		{F6B3B173-E071-4A1C-BBBE-673D548AAAD6}.Release|Mixed Platforms.ActiveCfg = Release|Any CPU
		{F6B3B173-E071-4A1C-BBBE-673D548AAAD6}.Release|Mixed Platforms.Build.0 = Release|Any CPU
		{F6B3B173-E071-4A1C-BBBE-673D548AAAD6}.Release|x86.ActiveCfg = Release|Any CPU
		{D8D9C5FA-EA86-4537-881E-BB7F20319BC6}.Debug|Any CPU.ActiveCfg = Debug|Any CPU
		{D8D9C5FA-EA86-4537-881E-BB7F20319BC6}.Debug|Any CPU.Build.0 = Debug|Any CPU
		{D8D9C5FA-EA86-4537-881E-BB7F20319BC6}.Debug|Mixed Platforms.ActiveCfg = Debug|Any CPU
		{D8D9C5FA-EA86-4537-881E-BB7F20319BC6}.Debug|Mixed Platforms.Build.0 = Debug|Any CPU
		{D8D9C5FA-EA86-4537-881E-BB7F20319BC6}.Debug|x86.ActiveCfg = Debug|Any CPU
		{D8D9C5FA-EA86-4537-881E-BB7F20319BC6}.Release|Any CPU.ActiveCfg = Release|Any CPU
		{D8D9C5FA-EA86-4537-881E-BB7F20319BC6}.Release|Any CPU.Build.0 = Release|Any CPU
		{D8D9C5FA-EA86-4537-881E-BB7F20319BC6}.Release|Mixed Platforms.ActiveCfg = Release|Any CPU
		{D8D9C5FA-EA86-4537-881E-BB7F20319BC6}.Release|Mixed Platforms.Build.0 = Release|Any CPU
		{D8D9C5FA-EA86-4537-881E-BB7F20319BC6}.Release|x86.ActiveCfg = Release|Any CPU
		{62F1045E-670C-4786-BD66-FE2F29FEE018}.Debug|Any CPU.ActiveCfg = Debug|Any CPU
		{62F1045E-670C-4786-BD66-FE2F29FEE018}.Debug|Any CPU.Build.0 = Debug|Any CPU
		{62F1045E-670C-4786-BD66-FE2F29FEE018}.Debug|Mixed Platforms.ActiveCfg = Debug|Any CPU
		{62F1045E-670C-4786-BD66-FE2F29FEE018}.Debug|Mixed Platforms.Build.0 = Debug|Any CPU
		{62F1045E-670C-4786-BD66-FE2F29FEE018}.Debug|x86.ActiveCfg = Debug|Any CPU
		{62F1045E-670C-4786-BD66-FE2F29FEE018}.Release|Any CPU.ActiveCfg = Release|Any CPU
		{62F1045E-670C-4786-BD66-FE2F29FEE018}.Release|Any CPU.Build.0 = Release|Any CPU
		{62F1045E-670C-4786-BD66-FE2F29FEE018}.Release|Mixed Platforms.ActiveCfg = Release|Any CPU
		{62F1045E-670C-4786-BD66-FE2F29FEE018}.Release|Mixed Platforms.Build.0 = Release|Any CPU
		{62F1045E-670C-4786-BD66-FE2F29FEE018}.Release|x86.ActiveCfg = Release|Any CPU
		{93841302-060A-4D44-8E9B-334F71DA1C2C}.Debug|Any CPU.ActiveCfg = Debug|Any CPU
		{93841302-060A-4D44-8E9B-334F71DA1C2C}.Debug|Any CPU.Build.0 = Debug|Any CPU
		{93841302-060A-4D44-8E9B-334F71DA1C2C}.Debug|Mixed Platforms.ActiveCfg = Debug|Any CPU
		{93841302-060A-4D44-8E9B-334F71DA1C2C}.Debug|Mixed Platforms.Build.0 = Debug|Any CPU
		{93841302-060A-4D44-8E9B-334F71DA1C2C}.Debug|x86.ActiveCfg = Debug|Any CPU
		{93841302-060A-4D44-8E9B-334F71DA1C2C}.Release|Any CPU.ActiveCfg = Release|Any CPU
		{93841302-060A-4D44-8E9B-334F71DA1C2C}.Release|Any CPU.Build.0 = Release|Any CPU
		{93841302-060A-4D44-8E9B-334F71DA1C2C}.Release|Mixed Platforms.ActiveCfg = Release|Any CPU
		{93841302-060A-4D44-8E9B-334F71DA1C2C}.Release|Mixed Platforms.Build.0 = Release|Any CPU
		{93841302-060A-4D44-8E9B-334F71DA1C2C}.Release|x86.ActiveCfg = Release|Any CPU
	EndGlobalSection
	GlobalSection(SolutionProperties) = preSolution
		HideSolutionNode = FALSE
	EndGlobalSection
	GlobalSection(NestedProjects) = preSolution
		{2A24BFED-054A-49C4-A311-EDE0F8652937} = {931B5664-46BD-4555-8C6A-BCB02C735072}
		{84F8F228-FCE7-4C45-A948-C23E917758B5} = {931B5664-46BD-4555-8C6A-BCB02C735072}
		{93841302-060A-4D44-8E9B-334F71DA1C2C} = {931B5664-46BD-4555-8C6A-BCB02C735072}
		{C89B86D3-7472-40D8-A718-FABFB44CA8BB} = {D444D884-A72F-4966-B371-39A6640D6D41}
		{D8D9C5FA-EA86-4537-881E-BB7F20319BC6} = {D444D884-A72F-4966-B371-39A6640D6D41}
		{62F1045E-670C-4786-BD66-FE2F29FEE018} = {D444D884-A72F-4966-B371-39A6640D6D41}
		{931A6231-F34D-4498-842D-A11C96823BE6} = {C1349669-0190-4F54-B2CD-D642A0A486CC}
		{77CA68EC-FFAF-42D2-B5CF-D1A85D9B0AFB} = {C1349669-0190-4F54-B2CD-D642A0A486CC}
		{F6B3B173-E071-4A1C-BBBE-673D548AAAD6} = {C1349669-0190-4F54-B2CD-D642A0A486CC}
	EndGlobalSection
EndGlobal
